
Microsoft Visual Studio Solution File, Format Version 12.00
# Visual Studio Version 16
VisualStudioVersion = 16.0.31205.134
MinimumVisualStudioVersion = 10.0.40219.1
Project("{FAE04EC0-301F-11D3-BF4B-00C04F79EFBC}") = "COD_Randomizer_App.Android", "COD_Randomizer_App.Android\COD_Randomizer_App.Android.csproj", "{3813E42C-72CB-45A6-AD23-241EC5B6E3A1}"
EndProject
Project("{FAE04EC0-301F-11D3-BF4B-00C04F79EFBC}") = "COD_Randomizer_App.iOS", "COD_Randomizer_App.iOS\COD_Randomizer_App.iOS.csproj", "{72F8CBA9-1DA0-436D-A6C5-E6E67D032B0C}"
EndProject
Project("{9A19103F-16F7-4668-BE54-9A1E7A4F7556}") = "COD_Randomizer_App", "COD_Randomizer_App\COD_Randomizer_App.csproj", "{46F3CEA7-6C61-4451-A797-3B3638DBA4CC}"
EndProject
Project("{FAE04EC0-301F-11D3-BF4B-00C04F79EFBC}") = "COD_Randomizer_App.JsonGenerator", "COD_RandomizerApp.JsonGenerator\COD_Randomizer_App.JsonGenerator.csproj", "{8FD1C29F-0011-418D-8B76-C66682A1EF0B}"
EndProject
Global
	GlobalSection(SolutionConfigurationPlatforms) = preSolution
		Debug|Any CPU = Debug|Any CPU
		Debug|iPhone = Debug|iPhone
		Debug|iPhoneSimulator = Debug|iPhoneSimulator
		Release|Any CPU = Release|Any CPU
		Release|iPhone = Release|iPhone
		Release|iPhoneSimulator = Release|iPhoneSimulator
	EndGlobalSection
	GlobalSection(ProjectConfigurationPlatforms) = postSolution
		{3813E42C-72CB-45A6-AD23-241EC5B6E3A1}.Debug|Any CPU.ActiveCfg = Debug|Any CPU
		{3813E42C-72CB-45A6-AD23-241EC5B6E3A1}.Debug|Any CPU.Build.0 = Debug|Any CPU
		{3813E42C-72CB-45A6-AD23-241EC5B6E3A1}.Debug|Any CPU.Deploy.0 = Debug|Any CPU
		{3813E42C-72CB-45A6-AD23-241EC5B6E3A1}.Debug|iPhone.ActiveCfg = Debug|Any CPU
		{3813E42C-72CB-45A6-AD23-241EC5B6E3A1}.Debug|iPhone.Build.0 = Debug|Any CPU
		{3813E42C-72CB-45A6-AD23-241EC5B6E3A1}.Debug|iPhone.Deploy.0 = Debug|Any CPU
		{3813E42C-72CB-45A6-AD23-241EC5B6E3A1}.Debug|iPhoneSimulator.ActiveCfg = Debug|Any CPU
		{3813E42C-72CB-45A6-AD23-241EC5B6E3A1}.Debug|iPhoneSimulator.Build.0 = Debug|Any CPU
		{3813E42C-72CB-45A6-AD23-241EC5B6E3A1}.Debug|iPhoneSimulator.Deploy.0 = Debug|Any CPU
		{3813E42C-72CB-45A6-AD23-241EC5B6E3A1}.Release|Any CPU.ActiveCfg = Release|Any CPU
		{3813E42C-72CB-45A6-AD23-241EC5B6E3A1}.Release|Any CPU.Build.0 = Release|Any CPU
		{3813E42C-72CB-45A6-AD23-241EC5B6E3A1}.Release|Any CPU.Deploy.0 = Release|Any CPU
		{3813E42C-72CB-45A6-AD23-241EC5B6E3A1}.Release|iPhone.ActiveCfg = Release|Any CPU
		{3813E42C-72CB-45A6-AD23-241EC5B6E3A1}.Release|iPhone.Build.0 = Release|Any CPU
		{3813E42C-72CB-45A6-AD23-241EC5B6E3A1}.Release|iPhone.Deploy.0 = Release|Any CPU
		{3813E42C-72CB-45A6-AD23-241EC5B6E3A1}.Release|iPhoneSimulator.ActiveCfg = Release|Any CPU
		{3813E42C-72CB-45A6-AD23-241EC5B6E3A1}.Release|iPhoneSimulator.Build.0 = Release|Any CPU
		{3813E42C-72CB-45A6-AD23-241EC5B6E3A1}.Release|iPhoneSimulator.Deploy.0 = Release|Any CPU
		{72F8CBA9-1DA0-436D-A6C5-E6E67D032B0C}.Debug|Any CPU.ActiveCfg = Debug|iPhone
		{72F8CBA9-1DA0-436D-A6C5-E6E67D032B0C}.Debug|Any CPU.Deploy.0 = Debug|iPhone
		{72F8CBA9-1DA0-436D-A6C5-E6E67D032B0C}.Debug|iPhone.ActiveCfg = Debug|iPhone
		{72F8CBA9-1DA0-436D-A6C5-E6E67D032B0C}.Debug|iPhone.Build.0 = Debug|iPhone
		{72F8CBA9-1DA0-436D-A6C5-E6E67D032B0C}.Debug|iPhone.Deploy.0 = Debug|iPhone
		{72F8CBA9-1DA0-436D-A6C5-E6E67D032B0C}.Debug|iPhoneSimulator.ActiveCfg = Debug|iPhoneSimulator
		{72F8CBA9-1DA0-436D-A6C5-E6E67D032B0C}.Debug|iPhoneSimulator.Build.0 = Debug|iPhoneSimulator
		{72F8CBA9-1DA0-436D-A6C5-E6E67D032B0C}.Debug|iPhoneSimulator.Deploy.0 = Debug|iPhoneSimulator
		{72F8CBA9-1DA0-436D-A6C5-E6E67D032B0C}.Release|Any CPU.ActiveCfg = Release|iPhoneSimulator
		{72F8CBA9-1DA0-436D-A6C5-E6E67D032B0C}.Release|Any CPU.Build.0 = Release|iPhoneSimulator
		{72F8CBA9-1DA0-436D-A6C5-E6E67D032B0C}.Release|Any CPU.Deploy.0 = Release|iPhoneSimulator
		{72F8CBA9-1DA0-436D-A6C5-E6E67D032B0C}.Release|iPhone.ActiveCfg = Release|iPhone
		{72F8CBA9-1DA0-436D-A6C5-E6E67D032B0C}.Release|iPhone.Build.0 = Release|iPhone
		{72F8CBA9-1DA0-436D-A6C5-E6E67D032B0C}.Release|iPhone.Deploy.0 = Release|iPhone
		{72F8CBA9-1DA0-436D-A6C5-E6E67D032B0C}.Release|iPhoneSimulator.ActiveCfg = Release|iPhoneSimulator
		{72F8CBA9-1DA0-436D-A6C5-E6E67D032B0C}.Release|iPhoneSimulator.Build.0 = Release|iPhoneSimulator
		{72F8CBA9-1DA0-436D-A6C5-E6E67D032B0C}.Release|iPhoneSimulator.Deploy.0 = Release|iPhoneSimulator
		{46F3CEA7-6C61-4451-A797-3B3638DBA4CC}.Debug|Any CPU.ActiveCfg = Debug|Any CPU
		{46F3CEA7-6C61-4451-A797-3B3638DBA4CC}.Debug|Any CPU.Build.0 = Debug|Any CPU
		{46F3CEA7-6C61-4451-A797-3B3638DBA4CC}.Debug|Any CPU.Deploy.0 = Debug|Any CPU
		{46F3CEA7-6C61-4451-A797-3B3638DBA4CC}.Debug|iPhone.ActiveCfg = Debug|Any CPU
		{46F3CEA7-6C61-4451-A797-3B3638DBA4CC}.Debug|iPhone.Build.0 = Debug|Any CPU
		{46F3CEA7-6C61-4451-A797-3B3638DBA4CC}.Debug|iPhone.Deploy.0 = Debug|Any CPU
		{46F3CEA7-6C61-4451-A797-3B3638DBA4CC}.Debug|iPhoneSimulator.ActiveCfg = Debug|Any CPU
		{46F3CEA7-6C61-4451-A797-3B3638DBA4CC}.Debug|iPhoneSimulator.Build.0 = Debug|Any CPU
		{46F3CEA7-6C61-4451-A797-3B3638DBA4CC}.Debug|iPhoneSimulator.Deploy.0 = Debug|Any CPU
		{46F3CEA7-6C61-4451-A797-3B3638DBA4CC}.Release|Any CPU.ActiveCfg = Release|Any CPU
		{46F3CEA7-6C61-4451-A797-3B3638DBA4CC}.Release|Any CPU.Build.0 = Release|Any CPU
		{46F3CEA7-6C61-4451-A797-3B3638DBA4CC}.Release|Any CPU.Deploy.0 = Release|Any CPU
		{46F3CEA7-6C61-4451-A797-3B3638DBA4CC}.Release|iPhone.ActiveCfg = Release|Any CPU
		{46F3CEA7-6C61-4451-A797-3B3638DBA4CC}.Release|iPhone.Build.0 = Release|Any CPU
		{46F3CEA7-6C61-4451-A797-3B3638DBA4CC}.Release|iPhone.Deploy.0 = Release|Any CPU
		{46F3CEA7-6C61-4451-A797-3B3638DBA4CC}.Release|iPhoneSimulator.ActiveCfg = Release|Any CPU
		{46F3CEA7-6C61-4451-A797-3B3638DBA4CC}.Release|iPhoneSimulator.Build.0 = Release|Any CPU
		{46F3CEA7-6C61-4451-A797-3B3638DBA4CC}.Release|iPhoneSimulator.Deploy.0 = Release|Any CPU
		{8FD1C29F-0011-418D-8B76-C66682A1EF0B}.Debug|Any CPU.ActiveCfg = Debug|Any CPU
		{8FD1C29F-0011-418D-8B76-C66682A1EF0B}.Debug|Any CPU.Build.0 = Debug|Any CPU
		{8FD1C29F-0011-418D-8B76-C66682A1EF0B}.Debug|iPhone.ActiveCfg = Debug|Any CPU
		{8FD1C29F-0011-418D-8B76-C66682A1EF0B}.Debug|iPhone.Build.0 = Debug|Any CPU
		{8FD1C29F-0011-418D-8B76-C66682A1EF0B}.Debug|iPhoneSimulator.ActiveCfg = Debug|Any CPU
		{8FD1C29F-0011-418D-8B76-C66682A1EF0B}.Debug|iPhoneSimulator.Build.0 = Debug|Any CPU
		{8FD1C29F-0011-418D-8B76-C66682A1EF0B}.Release|Any CPU.ActiveCfg = Release|Any CPU
		{8FD1C29F-0011-418D-8B76-C66682A1EF0B}.Release|Any CPU.Build.0 = Release|Any CPU
		{8FD1C29F-0011-418D-8B76-C66682A1EF0B}.Release|iPhone.ActiveCfg = Release|Any CPU
		{8FD1C29F-0011-418D-8B76-C66682A1EF0B}.Release|iPhone.Build.0 = Release|Any CPU
		{8FD1C29F-0011-418D-8B76-C66682A1EF0B}.Release|iPhoneSimulator.ActiveCfg = Release|Any CPU
		{8FD1C29F-0011-418D-8B76-C66682A1EF0B}.Release|iPhoneSimulator.Build.0 = Release|Any CPU
	EndGlobalSection
	GlobalSection(SolutionProperties) = preSolution
		HideSolutionNode = FALSE
	EndGlobalSection
	GlobalSection(ExtensibilityGlobals) = postSolution
		SolutionGuid = {12A2D100-7975-443E-8335-C2A79AE10167}
	EndGlobalSection
EndGlobal
